
Microsoft Visual Studio Solution File, Format Version 12.00
Project("{FAE04EC0-301F-11D3-BF4B-00C04F79EFBC}") = "cmsContentManagement.API", "cmsContentManagement.API\cmsContentManagement.API.csproj", "{F629CDB0-3BFC-451F-A9CC-F6D675EB3BCE}"
EndProject
Project("{2150E333-8FDC-42A3-9474-1A3956D46DE8}") = "Solution Items", "Solution Items", "{78D40D56-7083-4BEC-AC25-812F24E28250}"
	ProjectSection(SolutionItems) = preProject
		compose.yaml = compose.yaml
	EndProjectSection
EndProject
Project("{FAE04EC0-301F-11D3-BF4B-00C04F79EFBC}") = "cmsContentManagement.Domain", "cmsContentManagement.Domain\cmsContentManagement.Domain.csproj", "{9415D960-F00B-41C8-AD28-39F2767F8688}"
EndProject
Project("{FAE04EC0-301F-11D3-BF4B-00C04F79EFBC}") = "cmsContentManagement.Infrastructure", "cmsContentManagement.Infrastructure\cmsContentManagement.Infrastructure.csproj", "{25E89CC4-1BB4-4915-9F86-5ADE5072821B}"
EndProject
Project("{FAE04EC0-301F-11D3-BF4B-00C04F79EFBC}") = "cmsContentManagement.Application", "cmsContentManagement.Application\cmsContentManagement.Application.csproj", "{A227CFD6-7C97-43EC-A969-8704D89E6C07}"
EndProject
Global
	GlobalSection(SolutionConfigurationPlatforms) = preSolution
		Debug|Any CPU = Debug|Any CPU
		Release|Any CPU = Release|Any CPU
	EndGlobalSection
	GlobalSection(ProjectConfigurationPlatforms) = postSolution
		{F629CDB0-3BFC-451F-A9CC-F6D675EB3BCE}.Debug|Any CPU.ActiveCfg = Debug|Any CPU
		{F629CDB0-3BFC-451F-A9CC-F6D675EB3BCE}.Debug|Any CPU.Build.0 = Debug|Any CPU
		{F629CDB0-3BFC-451F-A9CC-F6D675EB3BCE}.Release|Any CPU.ActiveCfg = Release|Any CPU
		{F629CDB0-3BFC-451F-A9CC-F6D675EB3BCE}.Release|Any CPU.Build.0 = Release|Any CPU
		{9415D960-F00B-41C8-AD28-39F2767F8688}.Debug|Any CPU.ActiveCfg = Debug|Any CPU
		{9415D960-F00B-41C8-AD28-39F2767F8688}.Debug|Any CPU.Build.0 = Debug|Any CPU
		{9415D960-F00B-41C8-AD28-39F2767F8688}.Release|Any CPU.ActiveCfg = Release|Any CPU
		{9415D960-F00B-41C8-AD28-39F2767F8688}.Release|Any CPU.Build.0 = Release|Any CPU
		{25E89CC4-1BB4-4915-9F86-5ADE5072821B}.Debug|Any CPU.ActiveCfg = Debug|Any CPU
		{25E89CC4-1BB4-4915-9F86-5ADE5072821B}.Debug|Any CPU.Build.0 = Debug|Any CPU
		{25E89CC4-1BB4-4915-9F86-5ADE5072821B}.Release|Any CPU.ActiveCfg = Release|Any CPU
		{25E89CC4-1BB4-4915-9F86-5ADE5072821B}.Release|Any CPU.Build.0 = Release|Any CPU
		{A227CFD6-7C97-43EC-A969-8704D89E6C07}.Debug|Any CPU.ActiveCfg = Debug|Any CPU
		{A227CFD6-7C97-43EC-A969-8704D89E6C07}.Debug|Any CPU.Build.0 = Debug|Any CPU
		{A227CFD6-7C97-43EC-A969-8704D89E6C07}.Release|Any CPU.ActiveCfg = Release|Any CPU
		{A227CFD6-7C97-43EC-A969-8704D89E6C07}.Release|Any CPU.Build.0 = Release|Any CPU
	EndGlobalSection
EndGlobal
